# THIS IS AN AUTOGENERATED FILE. DO NOT EDIT THIS FILE DIRECTLY.
# yarn lockfile v1


vue-svg-charts@^0.0.6:
  version "0.0.6"
  resolved "https://registry.yarnpkg.com/vue-svg-charts/-/vue-svg-charts-0.0.6.tgz#7057ed663b81e9d119d36bca9ebd4f2de587f824"
  integrity sha512-QRT9qhK8JA9q8ybhjfSHeDZYG+C77nZZyuXh/J6AxpURibG9U9A1CvBUfM//FLVZINBWcGaK/ZnPCUtp55+HOA==
  dependencies:
    vue "^2.6.10"

vue@^2.6.10:
  version "2.6.11"
  resolved "https://registry.yarnpkg.com/vue/-/vue-2.6.11.tgz#76594d877d4b12234406e84e35275c6d514125c5"
  integrity sha512-VfPwgcGABbGAue9+sfrD4PuwFar7gPb1yl1UK1MwXoQPAw0BKSqWfoYCT/ThFrdEVWoI51dBuyCoiNU9bZDZxQ==
